
Microsoft Visual Studio Solution File, Format Version 12.00
# Visual Studio 14
VisualStudioVersion = 14.0.25420.1
MinimumVisualStudioVersion = 10.0.40219.1
Project("{2150E333-8FDC-42A3-9474-1A3956D46DE8}") = "01 - Presentation", "01 - Presentation", "{9312DEA6-852E-45A4-9354-09FC0F64986D}"
EndProject
Project("{2150E333-8FDC-42A3-9474-1A3956D46DE8}") = "02 - Application", "02 - Application", "{34C876CB-4A9C-423F-992F-DC7255BF9B22}"
EndProject
Project("{2150E333-8FDC-42A3-9474-1A3956D46DE8}") = "03 - Domain", "03 - Domain", "{5E8546FB-023B-4C5C-AB66-E3057A4C6335}"
EndProject
Project("{2150E333-8FDC-42A3-9474-1A3956D46DE8}") = "04 - Infrastructure", "04 - Infrastructure", "{197FDF44-25BD-47EF-A026-C67F9575463F}"
EndProject
Project("{2150E333-8FDC-42A3-9474-1A3956D46DE8}") = "05 - Cross-Cutting", "05 - Cross-Cutting", "{5E3C7A82-9CDE-43B8-A2AE-28459C32FDBE}"
EndProject
Project("{FAE04EC0-301F-11D3-BF4B-00C04F79EFBC}") = "ProjetoDDD.WebApi", "ProjetoDDD.WebApi\ProjetoDDD.WebApi.csproj", "{B1C04972-2C1A-4C25-AF33-04FD41F3D565}"
EndProject
Project("{FAE04EC0-301F-11D3-BF4B-00C04F79EFBC}") = "ProjetoDDD.Services", "ProjetoDDD.Services\ProjetoDDD.Services.csproj", "{6507AC82-8F0E-4E71-A818-A017725D40D3}"
EndProject
Project("{FAE04EC0-301F-11D3-BF4B-00C04F79EFBC}") = "ProjetoDDD.IoC", "ProjetoDDD.IoC\ProjetoDDD.IoC.csproj", "{E723475C-B2FD-4DF9-89D5-D90A08D02BE2}"
EndProject
Project("{FAE04EC0-301F-11D3-BF4B-00C04F79EFBC}") = "ProjetoDDD.DataAccess", "ProjetoDDD.DataAccess\ProjetoDDD.DataAccess.csproj", "{6DA5CF76-B23A-4A76-98E6-174FE5104D1F}"
EndProject
Project("{FAE04EC0-301F-11D3-BF4B-00C04F79EFBC}") = "ProjetoDDD.Model", "ProjetoDDD.Model\ProjetoDDD.Model.csproj", "{81AF4D18-9111-46B1-AC13-F24D0DFF0ECC}"
EndProject
Project("{FAE04EC0-301F-11D3-BF4B-00C04F79EFBC}") = "ProjetoDDD.DTO", "ProjetoDDD.DTO\ProjetoDDD.DTO.csproj", "{BACA5C30-61F2-430C-8396-2F7F0A7998FC}"
EndProject
Project("{FAE04EC0-301F-11D3-BF4B-00C04F79EFBC}") = "ProjetoDDD.Interfaces", "ProjetoDDD.Interfaces\ProjetoDDD.Interfaces.csproj", "{D190D598-F6DB-461C-8D56-79EF3FD5A6A8}"
EndProject
Global
	GlobalSection(SolutionConfigurationPlatforms) = preSolution
		Debug|Any CPU = Debug|Any CPU
		Release|Any CPU = Release|Any CPU
	EndGlobalSection
	GlobalSection(ProjectConfigurationPlatforms) = postSolution
		{B1C04972-2C1A-4C25-AF33-04FD41F3D565}.Debug|Any CPU.ActiveCfg = Debug|Any CPU
		{B1C04972-2C1A-4C25-AF33-04FD41F3D565}.Debug|Any CPU.Build.0 = Debug|Any CPU
		{B1C04972-2C1A-4C25-AF33-04FD41F3D565}.Release|Any CPU.ActiveCfg = Release|Any CPU
		{B1C04972-2C1A-4C25-AF33-04FD41F3D565}.Release|Any CPU.Build.0 = Release|Any CPU
		{6507AC82-8F0E-4E71-A818-A017725D40D3}.Debug|Any CPU.ActiveCfg = Debug|Any CPU
		{6507AC82-8F0E-4E71-A818-A017725D40D3}.Debug|Any CPU.Build.0 = Debug|Any CPU
		{6507AC82-8F0E-4E71-A818-A017725D40D3}.Release|Any CPU.ActiveCfg = Release|Any CPU
		{6507AC82-8F0E-4E71-A818-A017725D40D3}.Release|Any CPU.Build.0 = Release|Any CPU
		{E723475C-B2FD-4DF9-89D5-D90A08D02BE2}.Debug|Any CPU.ActiveCfg = Debug|Any CPU
		{E723475C-B2FD-4DF9-89D5-D90A08D02BE2}.Debug|Any CPU.Build.0 = Debug|Any CPU
		{E723475C-B2FD-4DF9-89D5-D90A08D02BE2}.Release|Any CPU.ActiveCfg = Release|Any CPU
		{E723475C-B2FD-4DF9-89D5-D90A08D02BE2}.Release|Any CPU.Build.0 = Release|Any CPU
		{6DA5CF76-B23A-4A76-98E6-174FE5104D1F}.Debug|Any CPU.ActiveCfg = Debug|Any CPU
		{6DA5CF76-B23A-4A76-98E6-174FE5104D1F}.Debug|Any CPU.Build.0 = Debug|Any CPU
		{6DA5CF76-B23A-4A76-98E6-174FE5104D1F}.Release|Any CPU.ActiveCfg = Release|Any CPU
		{6DA5CF76-B23A-4A76-98E6-174FE5104D1F}.Release|Any CPU.Build.0 = Release|Any CPU
		{81AF4D18-9111-46B1-AC13-F24D0DFF0ECC}.Debug|Any CPU.ActiveCfg = Debug|Any CPU
		{81AF4D18-9111-46B1-AC13-F24D0DFF0ECC}.Debug|Any CPU.Build.0 = Debug|Any CPU
		{81AF4D18-9111-46B1-AC13-F24D0DFF0ECC}.Release|Any CPU.ActiveCfg = Release|Any CPU
		{81AF4D18-9111-46B1-AC13-F24D0DFF0ECC}.Release|Any CPU.Build.0 = Release|Any CPU
		{BACA5C30-61F2-430C-8396-2F7F0A7998FC}.Debug|Any CPU.ActiveCfg = Debug|Any CPU
		{BACA5C30-61F2-430C-8396-2F7F0A7998FC}.Debug|Any CPU.Build.0 = Debug|Any CPU
		{BACA5C30-61F2-430C-8396-2F7F0A7998FC}.Release|Any CPU.ActiveCfg = Release|Any CPU
		{BACA5C30-61F2-430C-8396-2F7F0A7998FC}.Release|Any CPU.Build.0 = Release|Any CPU
		{D190D598-F6DB-461C-8D56-79EF3FD5A6A8}.Debug|Any CPU.ActiveCfg = Debug|Any CPU
		{D190D598-F6DB-461C-8D56-79EF3FD5A6A8}.Debug|Any CPU.Build.0 = Debug|Any CPU
		{D190D598-F6DB-461C-8D56-79EF3FD5A6A8}.Release|Any CPU.ActiveCfg = Release|Any CPU
		{D190D598-F6DB-461C-8D56-79EF3FD5A6A8}.Release|Any CPU.Build.0 = Release|Any CPU
	EndGlobalSection
	GlobalSection(SolutionProperties) = preSolution
		HideSolutionNode = FALSE
	EndGlobalSection
	GlobalSection(NestedProjects) = preSolution
		{B1C04972-2C1A-4C25-AF33-04FD41F3D565} = {9312DEA6-852E-45A4-9354-09FC0F64986D}
		{6507AC82-8F0E-4E71-A818-A017725D40D3} = {34C876CB-4A9C-423F-992F-DC7255BF9B22}
		{E723475C-B2FD-4DF9-89D5-D90A08D02BE2} = {5E3C7A82-9CDE-43B8-A2AE-28459C32FDBE}
		{6DA5CF76-B23A-4A76-98E6-174FE5104D1F} = {197FDF44-25BD-47EF-A026-C67F9575463F}
		{81AF4D18-9111-46B1-AC13-F24D0DFF0ECC} = {5E8546FB-023B-4C5C-AB66-E3057A4C6335}
		{BACA5C30-61F2-430C-8396-2F7F0A7998FC} = {34C876CB-4A9C-423F-992F-DC7255BF9B22}
		{D190D598-F6DB-461C-8D56-79EF3FD5A6A8} = {5E8546FB-023B-4C5C-AB66-E3057A4C6335}
	EndGlobalSection
EndGlobal
